
Microsoft Visual Studio Solution File, Format Version 12.00
# Visual Studio Version 16
VisualStudioVersion = 16.0.28803.156
MinimumVisualStudioVersion = 10.0.40219.1
Project("{FAE04EC0-301F-11D3-BF4B-00C04F79EFBC}") = "Ikarii.Lib.SendGrid", "Ikarii.Lib.SendGrid\Ikarii.Lib.SendGrid.csproj", "{81177AFA-F0D2-4E74-B95A-A0B39FCC6536}"
EndProject
Project("{FAE04EC0-301F-11D3-BF4B-00C04F79EFBC}") = "Ikarii.List.SendGrid.Tests", "Ikarii.List.SendGrid.Tests\Ikarii.List.SendGrid.Tests.csproj", "{48A26E03-DD38-4FBE-A7FB-B6F9297E0B1B}"
EndProject
Global
	GlobalSection(SolutionConfigurationPlatforms) = preSolution
		Debug|Any CPU = Debug|Any CPU
		Release|Any CPU = Release|Any CPU
	EndGlobalSection
	GlobalSection(ProjectConfigurationPlatforms) = postSolution
		{81177AFA-F0D2-4E74-B95A-A0B39FCC6536}.Debug|Any CPU.ActiveCfg = Debug|Any CPU
		{81177AFA-F0D2-4E74-B95A-A0B39FCC6536}.Debug|Any CPU.Build.0 = Debug|Any CPU
		{81177AFA-F0D2-4E74-B95A-A0B39FCC6536}.Release|Any CPU.ActiveCfg = Release|Any CPU
		{81177AFA-F0D2-4E74-B95A-A0B39FCC6536}.Release|Any CPU.Build.0 = Release|Any CPU
		{48A26E03-DD38-4FBE-A7FB-B6F9297E0B1B}.Debug|Any CPU.ActiveCfg = Debug|Any CPU
		{48A26E03-DD38-4FBE-A7FB-B6F9297E0B1B}.Debug|Any CPU.Build.0 = Debug|Any CPU
		{48A26E03-DD38-4FBE-A7FB-B6F9297E0B1B}.Release|Any CPU.ActiveCfg = Release|Any CPU
		{48A26E03-DD38-4FBE-A7FB-B6F9297E0B1B}.Release|Any CPU.Build.0 = Release|Any CPU
	EndGlobalSection
	GlobalSection(SolutionProperties) = preSolution
		HideSolutionNode = FALSE
	EndGlobalSection
	GlobalSection(ExtensibilityGlobals) = postSolution
		SolutionGuid = {61382051-3140-49EF-A764-051A7D5C5904}
	EndGlobalSection
EndGlobal
